
Microsoft Visual Studio Solution File, Format Version 12.00
# Visual Studio Version 16
VisualStudioVersion = 16.0.30804.86
MinimumVisualStudioVersion = 10.0.40219.1
Project("{FAE04EC0-301F-11D3-BF4B-00C04F79EFBC}") = "ANIMAL  PAWS BETA 1.0 .NET CORE", "ANIMAL  PAWS BETA 1.0 .NET CORE.csproj", "{041DF54D-FC4A-40B2-817D-EACBB550749C}"
EndProject
Global
	GlobalSection(SolutionConfigurationPlatforms) = preSolution
		Debug|Any CPU = Debug|Any CPU
		Release|Any CPU = Release|Any CPU
	EndGlobalSection
	GlobalSection(ProjectConfigurationPlatforms) = postSolution
		{041DF54D-FC4A-40B2-817D-EACBB550749C}.Debug|Any CPU.ActiveCfg = Debug|Any CPU
		{041DF54D-FC4A-40B2-817D-EACBB550749C}.Debug|Any CPU.Build.0 = Debug|Any CPU
		{041DF54D-FC4A-40B2-817D-EACBB550749C}.Release|Any CPU.ActiveCfg = Release|Any CPU
		{041DF54D-FC4A-40B2-817D-EACBB550749C}.Release|Any CPU.Build.0 = Release|Any CPU
	EndGlobalSection
	GlobalSection(SolutionProperties) = preSolution
		HideSolutionNode = FALSE
	EndGlobalSection
	GlobalSection(ExtensibilityGlobals) = postSolution
		SolutionGuid = {D5F9B00D-5F67-4706-8BCC-4D9E27948AE0}
	EndGlobalSection
EndGlobal
